
Microsoft Visual Studio Solution File, Format Version 12.00
# Visual Studio 15
VisualStudioVersion = 15.0.26124.0
MinimumVisualStudioVersion = 15.0.26124.0
Project("{2150E333-8FDC-42A3-9474-1A3956D46DE8}") = "src", "src", "{7005D91F-EEE8-4C48-A5FF-A15FD76E8454}"
EndProject
Project("{FAE04EC0-301F-11D3-BF4B-00C04F79EFBC}") = "ConsoleGame", "src\ConsoleGame\ConsoleGame.csproj", "{45293236-2A92-4AB6-B9B8-1606ECBA5FA3}"
EndProject
Project("{FAE04EC0-301F-11D3-BF4B-00C04F79EFBC}") = "ConsoleHelper", "src\ConsoleHelper\ConsoleHelper.csproj", "{E4D06D42-0086-4B1B-A3AF-6F082428AC70}"
EndProject
Global
	GlobalSection(SolutionConfigurationPlatforms) = preSolution
		Debug|Any CPU = Debug|Any CPU
		Debug|x64 = Debug|x64
		Debug|x86 = Debug|x86
		Release|Any CPU = Release|Any CPU
		Release|x64 = Release|x64
		Release|x86 = Release|x86
	EndGlobalSection
	GlobalSection(SolutionProperties) = preSolution
		HideSolutionNode = FALSE
	EndGlobalSection
	GlobalSection(ProjectConfigurationPlatforms) = postSolution
		{45293236-2A92-4AB6-B9B8-1606ECBA5FA3}.Debug|Any CPU.ActiveCfg = Debug|Any CPU
		{45293236-2A92-4AB6-B9B8-1606ECBA5FA3}.Debug|Any CPU.Build.0 = Debug|Any CPU
		{45293236-2A92-4AB6-B9B8-1606ECBA5FA3}.Debug|x64.ActiveCfg = Debug|Any CPU
		{45293236-2A92-4AB6-B9B8-1606ECBA5FA3}.Debug|x64.Build.0 = Debug|Any CPU
		{45293236-2A92-4AB6-B9B8-1606ECBA5FA3}.Debug|x86.ActiveCfg = Debug|Any CPU
		{45293236-2A92-4AB6-B9B8-1606ECBA5FA3}.Debug|x86.Build.0 = Debug|Any CPU
		{45293236-2A92-4AB6-B9B8-1606ECBA5FA3}.Release|Any CPU.ActiveCfg = Release|Any CPU
		{45293236-2A92-4AB6-B9B8-1606ECBA5FA3}.Release|Any CPU.Build.0 = Release|Any CPU
		{45293236-2A92-4AB6-B9B8-1606ECBA5FA3}.Release|x64.ActiveCfg = Release|Any CPU
		{45293236-2A92-4AB6-B9B8-1606ECBA5FA3}.Release|x64.Build.0 = Release|Any CPU
		{45293236-2A92-4AB6-B9B8-1606ECBA5FA3}.Release|x86.ActiveCfg = Release|Any CPU
		{45293236-2A92-4AB6-B9B8-1606ECBA5FA3}.Release|x86.Build.0 = Release|Any CPU
		{E4D06D42-0086-4B1B-A3AF-6F082428AC70}.Debug|Any CPU.ActiveCfg = Debug|Any CPU
		{E4D06D42-0086-4B1B-A3AF-6F082428AC70}.Debug|Any CPU.Build.0 = Debug|Any CPU
		{E4D06D42-0086-4B1B-A3AF-6F082428AC70}.Debug|x64.ActiveCfg = Debug|Any CPU
		{E4D06D42-0086-4B1B-A3AF-6F082428AC70}.Debug|x64.Build.0 = Debug|Any CPU
		{E4D06D42-0086-4B1B-A3AF-6F082428AC70}.Debug|x86.ActiveCfg = Debug|Any CPU
		{E4D06D42-0086-4B1B-A3AF-6F082428AC70}.Debug|x86.Build.0 = Debug|Any CPU
		{E4D06D42-0086-4B1B-A3AF-6F082428AC70}.Release|Any CPU.ActiveCfg = Release|Any CPU
		{E4D06D42-0086-4B1B-A3AF-6F082428AC70}.Release|Any CPU.Build.0 = Release|Any CPU
		{E4D06D42-0086-4B1B-A3AF-6F082428AC70}.Release|x64.ActiveCfg = Release|Any CPU
		{E4D06D42-0086-4B1B-A3AF-6F082428AC70}.Release|x64.Build.0 = Release|Any CPU
		{E4D06D42-0086-4B1B-A3AF-6F082428AC70}.Release|x86.ActiveCfg = Release|Any CPU
		{E4D06D42-0086-4B1B-A3AF-6F082428AC70}.Release|x86.Build.0 = Release|Any CPU
	EndGlobalSection
	GlobalSection(NestedProjects) = preSolution
		{45293236-2A92-4AB6-B9B8-1606ECBA5FA3} = {7005D91F-EEE8-4C48-A5FF-A15FD76E8454}
		{E4D06D42-0086-4B1B-A3AF-6F082428AC70} = {7005D91F-EEE8-4C48-A5FF-A15FD76E8454}
	EndGlobalSection
EndGlobal
